# This file was autogenerated by Stack.
# You should not edit this file by hand.
# For more information, please see the documentation at:
#   https://docs.haskellstack.org/en/stable/lock_files

packages: []
snapshots:
- completed:
    size: 568659
    url: https://raw.githubusercontent.com/commercialhaskell/stackage-snapshots/master/lts/10/6.yaml
    sha256: a24c1837c874a478e694fdc370581b3e07cddeaf656ca85afd0c213c34001a53
  original: lts-10.6
